// !$*UTF8*$!
{
	archiveVersion = 1;
	classes = {
	};
	objectVersion = 50;
	objects = {

/* Begin PBXBuildFile section */
		840A9C3521214AF600D3209C /* HomeViewModel.swift in Sources */ = {isa = PBXBuildFile; fileRef = 840A9C3421214AF600D3209C /* HomeViewModel.swift */; };
		84705055211EB8590000866F /* AppDelegate.swift in Sources */ = {isa = PBXBuildFile; fileRef = 84705054211EB8590000866F /* AppDelegate.swift */; };
		84705057211EB8590000866F /* HomeViewController.swift in Sources */ = {isa = PBXBuildFile; fileRef = 84705056211EB8590000866F /* HomeViewController.swift */; };
		8470505A211EB8590000866F /* Main.storyboard in Resources */ = {isa = PBXBuildFile; fileRef = 84705058211EB8590000866F /* Main.storyboard */; };
		8470505C211EB85A0000866F /* Assets.xcassets in Resources */ = {isa = PBXBuildFile; fileRef = 8470505B211EB85A0000866F /* Assets.xcassets */; };
		8470505F211EB85A0000866F /* LaunchScreen.storyboard in Resources */ = {isa = PBXBuildFile; fileRef = 8470505D211EB85A0000866F /* LaunchScreen.storyboard */; };
		8470506A211EB85A0000866F /* ShawshankTests.swift in Sources */ = {isa = PBXBuildFile; fileRef = 84705069211EB85A0000866F /* ShawshankTests.swift */; };
		84F355FE211EB99D0068CA96 /* NetworkExtension.framework in Frameworks */ = {isa = PBXBuildFile; fileRef = 84F355FD211EB99D0068CA96 /* NetworkExtension.framework */; };
		84F35606211ECB240068CA96 /* PacketTunnelProvider.swift in Sources */ = {isa = PBXBuildFile; fileRef = 84F35605211ECB240068CA96 /* PacketTunnelProvider.swift */; };
		84F3560B211ECB240068CA96 /* ShawshankTunnel.appex in Embed App Extensions */ = {isa = PBXBuildFile; fileRef = 84F35603211ECB240068CA96 /* ShawshankTunnel.appex */; settings = {ATTRIBUTES = (RemoveHeadersOnCopy, ); }; };
		84F35616211ED27C0068CA96 /* CocoaAsyncSocket.framework in Frameworks */ = {isa = PBXBuildFile; fileRef = 84F35615211ED27C0068CA96 /* CocoaAsyncSocket.framework */; };
		84F35618211ED27F0068CA96 /* CocoaLumberjack.framework in Frameworks */ = {isa = PBXBuildFile; fileRef = 84F35617211ED27F0068CA96 /* CocoaLumberjack.framework */; };
		84F3561A211ED2840068CA96 /* CocoaLumberjackSwift.framework in Frameworks */ = {isa = PBXBuildFile; fileRef = 84F35619211ED2840068CA96 /* CocoaLumberjackSwift.framework */; };
		84F3561C211ED28A0068CA96 /* lwip.framework in Frameworks */ = {isa = PBXBuildFile; fileRef = 84F3561B211ED28A0068CA96 /* lwip.framework */; };
		84F3561E211ED28D0068CA96 /* MMDB.framework in Frameworks */ = {isa = PBXBuildFile; fileRef = 84F3561D211ED28D0068CA96 /* MMDB.framework */; };
		84F35620211ED2910068CA96 /* NEKit.framework in Frameworks */ = {isa = PBXBuildFile; fileRef = 84F3561F211ED2910068CA96 /* NEKit.framework */; };
		84F35622211ED2930068CA96 /* Resolver.framework in Frameworks */ = {isa = PBXBuildFile; fileRef = 84F35621211ED2930068CA96 /* Resolver.framework */; };
		84F35624211ED2960068CA96 /* Sodium.framework in Frameworks */ = {isa = PBXBuildFile; fileRef = 84F35623211ED2960068CA96 /* Sodium.framework */; };
		84F35626211ED2980068CA96 /* tun2socks.framework in Frameworks */ = {isa = PBXBuildFile; fileRef = 84F35625211ED2980068CA96 /* tun2socks.framework */; };
		84F35628211ED29B0068CA96 /* Yaml.framework in Frameworks */ = {isa = PBXBuildFile; fileRef = 84F35627211ED29B0068CA96 /* Yaml.framework */; };
		84F35638211F47A30068CA96 /* RxBlocking.framework in Frameworks */ = {isa = PBXBuildFile; fileRef = 84F35635211F47A30068CA96 /* RxBlocking.framework */; };
		84F35639211F47A30068CA96 /* RxCocoa.framework in Frameworks */ = {isa = PBXBuildFile; fileRef = 84F35636211F47A30068CA96 /* RxCocoa.framework */; };
		84F3563C211F47A80068CA96 /* RxSwift.framework in Frameworks */ = {isa = PBXBuildFile; fileRef = 84F3563B211F47A80068CA96 /* RxSwift.framework */; };
		84F3563E211FC4870068CA96 /* RxDataSources.framework in Frameworks */ = {isa = PBXBuildFile; fileRef = 84F3563D211FC4870068CA96 /* RxDataSources.framework */; };
		84F35640211FC4FB0068CA96 /* Differentiator.framework in Frameworks */ = {isa = PBXBuildFile; fileRef = 84F3563F211FC4FB0068CA96 /* Differentiator.framework */; };
		84F356422121087D0068CA96 /* SnapKit.framework in Frameworks */ = {isa = PBXBuildFile; fileRef = 84F356412121087D0068CA96 /* SnapKit.framework */; };
/* End PBXBuildFile section */

/* Begin PBXContainerItemProxy section */
		84705066211EB85A0000866F /* PBXContainerItemProxy */ = {
			isa = PBXContainerItemProxy;
			containerPortal = 84705049211EB8590000866F /* Project object */;
			proxyType = 1;
			remoteGlobalIDString = 84705050211EB8590000866F;
			remoteInfo = Shawshank;
		};
		84F35609211ECB240068CA96 /* PBXContainerItemProxy */ = {
			isa = PBXContainerItemProxy;
			containerPortal = 84705049211EB8590000866F /* Project object */;
			proxyType = 1;
			remoteGlobalIDString = 84F35602211ECB240068CA96;
			remoteInfo = ShawshankTunnel;
		};
/* End PBXContainerItemProxy section */

/* Begin PBXCopyFilesBuildPhase section */
		84F3560F211ECB240068CA96 /* Embed App Extensions */ = {
			isa = PBXCopyFilesBuildPhase;
			buildActionMask = 2147483647;
			dstPath = "";
			dstSubfolderSpec = 13;
			files = (
				84F3560B211ECB240068CA96 /* ShawshankTunnel.appex in Embed App Extensions */,
			);
			name = "Embed App Extensions";
			runOnlyForDeploymentPostprocessing = 0;
		};
/* End PBXCopyFilesBuildPhase section */

/* Begin PBXFileReference section */
		840A9C3421214AF600D3209C /* HomeViewModel.swift */ = {isa = PBXFileReference; lastKnownFileType = sourcecode.swift; path = HomeViewModel.swift; sourceTree = "<group>"; };
		84705051211EB8590000866F /* Shawshank.app */ = {isa = PBXFileReference; explicitFileType = wrapper.application; includeInIndex = 0; path = Shawshank.app; sourceTree = BUILT_PRODUCTS_DIR; };
		84705054211EB8590000866F /* AppDelegate.swift */ = {isa = PBXFileReference; lastKnownFileType = sourcecode.swift; path = AppDelegate.swift; sourceTree = "<group>"; };
		84705056211EB8590000866F /* HomeViewController.swift */ = {isa = PBXFileReference; lastKnownFileType = sourcecode.swift; path = HomeViewController.swift; sourceTree = "<group>"; };
		84705059211EB8590000866F /* Base */ = {isa = PBXFileReference; lastKnownFileType = file.storyboard; name = Base; path = Base.lproj/Main.storyboard; sourceTree = "<group>"; };
		8470505B211EB85A0000866F /* Assets.xcassets */ = {isa = PBXFileReference; lastKnownFileType = folder.assetcatalog; path = Assets.xcassets; sourceTree = "<group>"; };
		8470505E211EB85A0000866F /* Base */ = {isa = PBXFileReference; lastKnownFileType = file.storyboard; name = Base; path = Base.lproj/LaunchScreen.storyboard; sourceTree = "<group>"; };
		84705060211EB85A0000866F /* Info.plist */ = {isa = PBXFileReference; lastKnownFileType = text.plist.xml; path = Info.plist; sourceTree = "<group>"; };
		84705065211EB85A0000866F /* ShawshankTests.xctest */ = {isa = PBXFileReference; explicitFileType = wrapper.cfbundle; includeInIndex = 0; path = ShawshankTests.xctest; sourceTree = BUILT_PRODUCTS_DIR; };
		84705069211EB85A0000866F /* ShawshankTests.swift */ = {isa = PBXFileReference; lastKnownFileType = sourcecode.swift; path = ShawshankTests.swift; sourceTree = "<group>"; };
		8470506B211EB85A0000866F /* Info.plist */ = {isa = PBXFileReference; lastKnownFileType = text.plist.xml; path = Info.plist; sourceTree = "<group>"; };
		84F355FB211EB98A0068CA96 /* Shawshank.entitlements */ = {isa = PBXFileReference; lastKnownFileType = text.plist.entitlements; path = Shawshank.entitlements; sourceTree = "<group>"; };
		84F355FD211EB99D0068CA96 /* NetworkExtension.framework */ = {isa = PBXFileReference; lastKnownFileType = wrapper.framework; name = NetworkExtension.framework; path = System/Library/Frameworks/NetworkExtension.framework; sourceTree = SDKROOT; };
		84F35603211ECB240068CA96 /* ShawshankTunnel.appex */ = {isa = PBXFileReference; explicitFileType = "wrapper.app-extension"; includeInIndex = 0; path = ShawshankTunnel.appex; sourceTree = BUILT_PRODUCTS_DIR; };
		84F35605211ECB240068CA96 /* PacketTunnelProvider.swift */ = {isa = PBXFileReference; lastKnownFileType = sourcecode.swift; path = PacketTunnelProvider.swift; sourceTree = "<group>"; };
		84F35607211ECB240068CA96 /* Info.plist */ = {isa = PBXFileReference; lastKnownFileType = text.plist.xml; path = Info.plist; sourceTree = "<group>"; };
		84F35608211ECB240068CA96 /* ShawshankTunnel.entitlements */ = {isa = PBXFileReference; lastKnownFileType = text.plist.entitlements; path = ShawshankTunnel.entitlements; sourceTree = "<group>"; };
		84F35613211ED2740068CA96 /* CocoaAsyncSocket.framework.dSYM */ = {isa = PBXFileReference; lastKnownFileType = wrapper.dsym; name = CocoaAsyncSocket.framework.dSYM; path = Carthage/Build/iOS/CocoaAsyncSocket.framework.dSYM; sourceTree = "<group>"; };
		84F35615211ED27C0068CA96 /* CocoaAsyncSocket.framework */ = {isa = PBXFileReference; lastKnownFileType = wrapper.framework; name = CocoaAsyncSocket.framework; path = Carthage/Build/iOS/CocoaAsyncSocket.framework; sourceTree = "<group>"; };
		84F35617211ED27F0068CA96 /* CocoaLumberjack.framework */ = {isa = PBXFileReference; lastKnownFileType = wrapper.framework; name = CocoaLumberjack.framework; path = Carthage/Build/iOS/CocoaLumberjack.framework; sourceTree = "<group>"; };
		84F35619211ED2840068CA96 /* CocoaLumberjackSwift.framework */ = {isa = PBXFileReference; lastKnownFileType = wrapper.framework; name = CocoaLumberjackSwift.framework; path = Carthage/Build/iOS/CocoaLumberjackSwift.framework; sourceTree = "<group>"; };
		84F3561B211ED28A0068CA96 /* lwip.framework */ = {isa = PBXFileReference; lastKnownFileType = wrapper.framework; name = lwip.framework; path = Carthage/Build/iOS/lwip.framework; sourceTree = "<group>"; };
		84F3561D211ED28D0068CA96 /* MMDB.framework */ = {isa = PBXFileReference; lastKnownFileType = wrapper.framework; name = MMDB.framework; path = Carthage/Build/iOS/MMDB.framework; sourceTree = "<group>"; };
		84F3561F211ED2910068CA96 /* NEKit.framework */ = {isa = PBXFileReference; lastKnownFileType = wrapper.framework; name = NEKit.framework; path = Carthage/Build/iOS/NEKit.framework; sourceTree = "<group>"; };
		84F35621211ED2930068CA96 /* Resolver.framework */ = {isa = PBXFileReference; lastKnownFileType = wrapper.framework; name = Resolver.framework; path = Carthage/Build/iOS/Resolver.framework; sourceTree = "<group>"; };
		84F35623211ED2960068CA96 /* Sodium.framework */ = {isa = PBXFileReference; lastKnownFileType = wrapper.framework; name = Sodium.framework; path = Carthage/Build/iOS/Sodium.framework; sourceTree = "<group>"; };
		84F35625211ED2980068CA96 /* tun2socks.framework */ = {isa = PBXFileReference; lastKnownFileType = wrapper.framework; name = tun2socks.framework; path = Carthage/Build/iOS/tun2socks.framework; sourceTree = "<group>"; };
		84F35627211ED29B0068CA96 /* Yaml.framework */ = {isa = PBXFileReference; lastKnownFileType = wrapper.framework; name = Yaml.framework; path = Carthage/Build/iOS/Yaml.framework; sourceTree = "<group>"; };
		84F35635211F47A30068CA96 /* RxBlocking.framework */ = {isa = PBXFileReference; lastKnownFileType = wrapper.framework; name = RxBlocking.framework; path = Carthage/Build/iOS/RxBlocking.framework; sourceTree = "<group>"; };
		84F35636211F47A30068CA96 /* RxCocoa.framework */ = {isa = PBXFileReference; lastKnownFileType = wrapper.framework; name = RxCocoa.framework; path = Carthage/Build/iOS/RxCocoa.framework; sourceTree = "<group>"; };
		84F35637211F47A30068CA96 /* RxTest.framework */ = {isa = PBXFileReference; lastKnownFileType = wrapper.framework; name = RxTest.framework; path = Carthage/Build/iOS/RxTest.framework; sourceTree = "<group>"; };
		84F3563B211F47A80068CA96 /* RxSwift.framework */ = {isa = PBXFileReference; lastKnownFileType = wrapper.framework; name = RxSwift.framework; path = Carthage/Build/iOS/RxSwift.framework; sourceTree = "<group>"; };
		84F3563D211FC4870068CA96 /* RxDataSources.framework */ = {isa = PBXFileReference; lastKnownFileType = wrapper.framework; name = RxDataSources.framework; path = Carthage/Build/iOS/RxDataSources.framework; sourceTree = "<group>"; };
		84F3563F211FC4FB0068CA96 /* Differentiator.framework */ = {isa = PBXFileReference; lastKnownFileType = wrapper.framework; name = Differentiator.framework; path = Carthage/Build/iOS/Differentiator.framework; sourceTree = "<group>"; };
		84F356412121087D0068CA96 /* SnapKit.framework */ = {isa = PBXFileReference; lastKnownFileType = wrapper.framework; name = SnapKit.framework; path = Carthage/Build/iOS/SnapKit.framework; sourceTree = "<group>"; };
/* End PBXFileReference section */

/* Begin PBXFrameworksBuildPhase section */
		8470504E211EB8590000866F /* Frameworks */ = {
			isa = PBXFrameworksBuildPhase;
			buildActionMask = 2147483647;
			files = (
				84F3563E211FC4870068CA96 /* RxDataSources.framework in Frameworks */,
				84F355FE211EB99D0068CA96 /* NetworkExtension.framework in Frameworks */,
				84F35616211ED27C0068CA96 /* CocoaAsyncSocket.framework in Frameworks */,
				84F35618211ED27F0068CA96 /* CocoaLumberjack.framework in Frameworks */,
				84F3561A211ED2840068CA96 /* CocoaLumberjackSwift.framework in Frameworks */,
				84F3561C211ED28A0068CA96 /* lwip.framework in Frameworks */,
				84F35620211ED2910068CA96 /* NEKit.framework in Frameworks */,
				84F356422121087D0068CA96 /* SnapKit.framework in Frameworks */,
				84F35640211FC4FB0068CA96 /* Differentiator.framework in Frameworks */,
				84F35622211ED2930068CA96 /* Resolver.framework in Frameworks */,
				84F35638211F47A30068CA96 /* RxBlocking.framework in Frameworks */,
				84F3561E211ED28D0068CA96 /* MMDB.framework in Frameworks */,
				84F3563C211F47A80068CA96 /* RxSwift.framework in Frameworks */,
				84F35639211F47A30068CA96 /* RxCocoa.framework in Frameworks */,
				84F35624211ED2960068CA96 /* Sodium.framework in Frameworks */,
				84F35626211ED2980068CA96 /* tun2socks.framework in Frameworks */,
				84F35628211ED29B0068CA96 /* Yaml.framework in Frameworks */,
			);
			runOnlyForDeploymentPostprocessing = 0;
		};
		84705062211EB85A0000866F /* Frameworks */ = {
			isa = PBXFrameworksBuildPhase;
			buildActionMask = 2147483647;
			files = (
			);
			runOnlyForDeploymentPostprocessing = 0;
		};
		84F35600211ECB240068CA96 /* Frameworks */ = {
			isa = PBXFrameworksBuildPhase;
			buildActionMask = 2147483647;
			files = (
			);
			runOnlyForDeploymentPostprocessing = 0;
		};
/* End PBXFrameworksBuildPhase section */

/* Begin PBXGroup section */
		840A9C3221214A2D00D3209C /* Home */ = {
			isa = PBXGroup;
			children = (
				84705056211EB8590000866F /* HomeViewController.swift */,
				840A9C3421214AF600D3209C /* HomeViewModel.swift */,
			);
			path = Home;
			sourceTree = "<group>";
		};
		840A9C3321214A3B00D3209C /* Config */ = {
			isa = PBXGroup;
			children = (
				8470505D211EB85A0000866F /* LaunchScreen.storyboard */,
				84705058211EB8590000866F /* Main.storyboard */,
				84705054211EB8590000866F /* AppDelegate.swift */,
			);
			path = Config;
			sourceTree = "<group>";
		};
		84705048211EB8590000866F = {
			isa = PBXGroup;
			children = (
				84705053211EB8590000866F /* Shawshank */,
				84705068211EB85A0000866F /* ShawshankTests */,
				84F35604211ECB240068CA96 /* ShawshankTunnel */,
				84705052211EB8590000866F /* Products */,
				84F355FC211EB99D0068CA96 /* Frameworks */,
			);
			sourceTree = "<group>";
		};
		84705052211EB8590000866F /* Products */ = {
			isa = PBXGroup;
			children = (
				84705051211EB8590000866F /* Shawshank.app */,
				84705065211EB85A0000866F /* ShawshankTests.xctest */,
				84F35603211ECB240068CA96 /* ShawshankTunnel.appex */,
			);
			name = Products;
			sourceTree = "<group>";
		};
		84705053211EB8590000866F /* Shawshank */ = {
			isa = PBXGroup;
			children = (
				84F355FB211EB98A0068CA96 /* Shawshank.entitlements */,
				84705060211EB85A0000866F /* Info.plist */,
				840A9C3321214A3B00D3209C /* Config */,
				840A9C3221214A2D00D3209C /* Home */,
				8470505B211EB85A0000866F /* Assets.xcassets */,
			);
			path = Shawshank;
			sourceTree = "<group>";
		};
		84705068211EB85A0000866F /* ShawshankTests */ = {
			isa = PBXGroup;
			children = (
				84705069211EB85A0000866F /* ShawshankTests.swift */,
				8470506B211EB85A0000866F /* Info.plist */,
			);
			path = ShawshankTests;
			sourceTree = "<group>";
		};
		84F355FC211EB99D0068CA96 /* Frameworks */ = {
			isa = PBXGroup;
			children = (
				84F356412121087D0068CA96 /* SnapKit.framework */,
				84F3563F211FC4FB0068CA96 /* Differentiator.framework */,
				84F3563D211FC4870068CA96 /* RxDataSources.framework */,
				84F3563B211F47A80068CA96 /* RxSwift.framework */,
				84F35635211F47A30068CA96 /* RxBlocking.framework */,
				84F35636211F47A30068CA96 /* RxCocoa.framework */,
				84F35637211F47A30068CA96 /* RxTest.framework */,
				84F35627211ED29B0068CA96 /* Yaml.framework */,
				84F35625211ED2980068CA96 /* tun2socks.framework */,
				84F35623211ED2960068CA96 /* Sodium.framework */,
				84F35621211ED2930068CA96 /* Resolver.framework */,
				84F3561F211ED2910068CA96 /* NEKit.framework */,
				84F3561D211ED28D0068CA96 /* MMDB.framework */,
				84F3561B211ED28A0068CA96 /* lwip.framework */,
				84F35619211ED2840068CA96 /* CocoaLumberjackSwift.framework */,
				84F35617211ED27F0068CA96 /* CocoaLumberjack.framework */,
				84F35615211ED27C0068CA96 /* CocoaAsyncSocket.framework */,
				84F35613211ED2740068CA96 /* CocoaAsyncSocket.framework.dSYM */,
				84F355FD211EB99D0068CA96 /* NetworkExtension.framework */,
			);
			name = Frameworks;
			sourceTree = "<group>";
		};
		84F35604211ECB240068CA96 /* ShawshankTunnel */ = {
			isa = PBXGroup;
			children = (
				84F35605211ECB240068CA96 /* PacketTunnelProvider.swift */,
				84F35607211ECB240068CA96 /* Info.plist */,
				84F35608211ECB240068CA96 /* ShawshankTunnel.entitlements */,
			);
			path = ShawshankTunnel;
			sourceTree = "<group>";
		};
/* End PBXGroup section */

/* Begin PBXNativeTarget section */
		84705050211EB8590000866F /* Shawshank */ = {
			isa = PBXNativeTarget;
			buildConfigurationList = 8470506E211EB85A0000866F /* Build configuration list for PBXNativeTarget "Shawshank" */;
			buildPhases = (
				8470504D211EB8590000866F /* Sources */,
				8470504E211EB8590000866F /* Frameworks */,
				8470504F211EB8590000866F /* Resources */,
				84F3560F211ECB240068CA96 /* Embed App Extensions */,
				84F35612211ED2050068CA96 /* ShellScript */,
			);
			buildRules = (
			);
			dependencies = (
				84F3560A211ECB240068CA96 /* PBXTargetDependency */,
			);
			name = Shawshank;
			productName = Shawshank;
			productReference = 84705051211EB8590000866F /* Shawshank.app */;
			productType = "com.apple.product-type.application";
		};
		84705064211EB85A0000866F /* ShawshankTests */ = {
			isa = PBXNativeTarget;
			buildConfigurationList = 84705071211EB85A0000866F /* Build configuration list for PBXNativeTarget "ShawshankTests" */;
			buildPhases = (
				84705061211EB85A0000866F /* Sources */,
				84705062211EB85A0000866F /* Frameworks */,
				84705063211EB85A0000866F /* Resources */,
			);
			buildRules = (
			);
			dependencies = (
				84705067211EB85A0000866F /* PBXTargetDependency */,
			);
			name = ShawshankTests;
			productName = ShawshankTests;
			productReference = 84705065211EB85A0000866F /* ShawshankTests.xctest */;
			productType = "com.apple.product-type.bundle.unit-test";
		};
		84F35602211ECB240068CA96 /* ShawshankTunnel */ = {
			isa = PBXNativeTarget;
			buildConfigurationList = 84F3560C211ECB240068CA96 /* Build configuration list for PBXNativeTarget "ShawshankTunnel" */;
			buildPhases = (
				84F355FF211ECB240068CA96 /* Sources */,
				84F35600211ECB240068CA96 /* Frameworks */,
				84F35601211ECB240068CA96 /* Resources */,
				84F35610211ECEF50068CA96 /* ShellScript */,
			);
			buildRules = (
			);
			dependencies = (
			);
			name = ShawshankTunnel;
			productName = ShawshankTunnel;
			productReference = 84F35603211ECB240068CA96 /* ShawshankTunnel.appex */;
			productType = "com.apple.product-type.app-extension";
		};
/* End PBXNativeTarget section */

/* Begin PBXProject section */
		84705049211EB8590000866F /* Project object */ = {
			isa = PBXProject;
			attributes = {
				LastSwiftUpdateCheck = 0940;
				LastUpgradeCheck = 0940;
				ORGANIZATIONNAME = "Harry Twan";
				TargetAttributes = {
					84705050211EB8590000866F = {
						CreatedOnToolsVersion = 9.4.1;
						SystemCapabilities = {
							com.apple.ApplicationGroups.iOS = {
								enabled = 0;
							};
							com.apple.NetworkExtensions.iOS = {
								enabled = 1;
							};
							com.apple.VPNLite = {
								enabled = 1;
							};
						};
					};
					84705064211EB85A0000866F = {
						CreatedOnToolsVersion = 9.4.1;
						TestTargetID = 84705050211EB8590000866F;
					};
					84F35602211ECB240068CA96 = {
						CreatedOnToolsVersion = 9.4.1;
					};
				};
			};
			buildConfigurationList = 8470504C211EB8590000866F /* Build configuration list for PBXProject "Shawshank" */;
			compatibilityVersion = "Xcode 9.3";
			developmentRegion = en;
			hasScannedForEncodings = 0;
			knownRegions = (
				en,
				Base,
			);
			mainGroup = 84705048211EB8590000866F;
			productRefGroup = 84705052211EB8590000866F /* Products */;
			projectDirPath = "";
			projectRoot = "";
			targets = (
				84705050211EB8590000866F /* Shawshank */,
				84705064211EB85A0000866F /* ShawshankTests */,
				84F35602211ECB240068CA96 /* ShawshankTunnel */,
			);
		};
/* End PBXProject section */

/* Begin PBXResourcesBuildPhase section */
		8470504F211EB8590000866F /* Resources */ = {
			isa = PBXResourcesBuildPhase;
			buildActionMask = 2147483647;
			files = (
				8470505F211EB85A0000866F /* LaunchScreen.storyboard in Resources */,
				8470505C211EB85A0000866F /* Assets.xcassets in Resources */,
				8470505A211EB8590000866F /* Main.storyboard in Resources */,
			);
			runOnlyForDeploymentPostprocessing = 0;
		};
		84705063211EB85A0000866F /* Resources */ = {
			isa = PBXResourcesBuildPhase;
			buildActionMask = 2147483647;
			files = (
			);
			runOnlyForDeploymentPostprocessing = 0;
		};
		84F35601211ECB240068CA96 /* Resources */ = {
			isa = PBXResourcesBuildPhase;
			buildActionMask = 2147483647;
			files = (
			);
			runOnlyForDeploymentPostprocessing = 0;
		};
/* End PBXResourcesBuildPhase section */

/* Begin PBXShellScriptBuildPhase section */
		84F35610211ECEF50068CA96 /* ShellScript */ = {
			isa = PBXShellScriptBuildPhase;
			buildActionMask = 2147483647;
			files = (
			);
			inputPaths = (
			);
			outputPaths = (
			);
			runOnlyForDeploymentPostprocessing = 0;
			shellPath = /bin/sh;
			shellScript = "/usr/local/bin/carthage copy-frameworks\n";
		};
		84F35612211ED2050068CA96 /* ShellScript */ = {
			isa = PBXShellScriptBuildPhase;
			buildActionMask = 2147483647;
			files = (
			);
			inputPaths = (
				"$(SRCROOT)/Carthage/Build/iOS/CocoaAsyncSocket.framework",
				"$(SRCROOT)/Carthage/Build/iOS/CocoaLumberjack.framework",
				"$(SRCROOT)/Carthage/Build/iOS/CocoaLumberjackSwift.framework",
				"$(SRCROOT)/Carthage/Build/iOS/lwip.framework",
				"$(SRCROOT)/Carthage/Build/iOS/MMDB.framework",
				"$(SRCROOT)/Carthage/Build/iOS/NEKit.framework",
				"$(SRCROOT)/Carthage/Build/iOS/Resolver.framework",
				"$(SRCROOT)/Carthage/Build/iOS/Sodium.framework",
				"$(SRCROOT)/Carthage/Build/iOS/tun2socks.framework",
				"$(SRCROOT)/Carthage/Build/iOS/Yaml.framework",
				"$(SRCROOT)/Carthage/Build/iOS/RxTest.framework",
				"$(SRCROOT)/Carthage/Build/iOS/RxSwift.framework",
				"$(SRCROOT)/Carthage/Build/iOS/RxCocoa.framework",
				"$(SRCROOT)/Carthage/Build/iOS/RxBlocking.framework",
				"$(SRCROOT)/Carthage/Build/iOS/RxDataSources.framework",
				"$(SRCROOT)/Carthage/Build/iOS/Differentiator.framework",
				"$(SRCROOT)/Carthage/Build/iOS/SnapKit.framework",
			);
			outputPaths = (
			);
			runOnlyForDeploymentPostprocessing = 0;
			shellPath = /bin/sh;
			shellScript = "/usr/local/bin/carthage copy-frameworks";
		};
/* End PBXShellScriptBuildPhase section */

/* Begin PBXSourcesBuildPhase section */
		8470504D211EB8590000866F /* Sources */ = {
			isa = PBXSourcesBuildPhase;
			buildActionMask = 2147483647;
			files = (
				84705057211EB8590000866F /* HomeViewController.swift in Sources */,
				840A9C3521214AF600D3209C /* HomeViewModel.swift in Sources */,
				84705055211EB8590000866F /* AppDelegate.swift in Sources */,
			);
			runOnlyForDeploymentPostprocessing = 0;
		};
		84705061211EB85A0000866F /* Sources */ = {
			isa = PBXSourcesBuildPhase;
			buildActionMask = 2147483647;
			files = (
				8470506A211EB85A0000866F /* ShawshankTests.swift in Sources */,
			);
			runOnlyForDeploymentPostprocessing = 0;
		};
		84F355FF211ECB240068CA96 /* Sources */ = {
			isa = PBXSourcesBuildPhase;
			buildActionMask = 2147483647;
			files = (
				84F35606211ECB240068CA96 /* PacketTunnelProvider.swift in Sources */,
			);
			runOnlyForDeploymentPostprocessing = 0;
		};
/* End PBXSourcesBuildPhase section */

/* Begin PBXTargetDependency section */
		84705067211EB85A0000866F /* PBXTargetDependency */ = {
			isa = PBXTargetDependency;
			target = 84705050211EB8590000866F /* Shawshank */;
			targetProxy = 84705066211EB85A0000866F /* PBXContainerItemProxy */;
		};
		84F3560A211ECB240068CA96 /* PBXTargetDependency */ = {
			isa = PBXTargetDependency;
			target = 84F35602211ECB240068CA96 /* ShawshankTunnel */;
			targetProxy = 84F35609211ECB240068CA96 /* PBXContainerItemProxy */;
		};
/* End PBXTargetDependency section */

/* Begin PBXVariantGroup section */
		84705058211EB8590000866F /* Main.storyboard */ = {
			isa = PBXVariantGroup;
			children = (
				84705059211EB8590000866F /* Base */,
			);
			name = Main.storyboard;
			sourceTree = "<group>";
		};
		8470505D211EB85A0000866F /* LaunchScreen.storyboard */ = {
			isa = PBXVariantGroup;
			children = (
				8470505E211EB85A0000866F /* Base */,
			);
			name = LaunchScreen.storyboard;
			sourceTree = "<group>";
		};
/* End PBXVariantGroup section */

/* Begin XCBuildConfiguration section */
		8470506C211EB85A0000866F /* Debug */ = {
			isa = XCBuildConfiguration;
			buildSettings = {
				ALWAYS_SEARCH_USER_PATHS = NO;
				CLANG_ANALYZER_NONNULL = YES;
				CLANG_ANALYZER_NUMBER_OBJECT_CONVERSION = YES_AGGRESSIVE;
				CLANG_CXX_LANGUAGE_STANDARD = "gnu++14";
				CLANG_CXX_LIBRARY = "libc++";
				CLANG_ENABLE_MODULES = YES;
				CLANG_ENABLE_OBJC_ARC = YES;
				CLANG_ENABLE_OBJC_WEAK = YES;
				CLANG_WARN_BLOCK_CAPTURE_AUTORELEASING = YES;
				CLANG_WARN_BOOL_CONVERSION = YES;
				CLANG_WARN_COMMA = YES;
				CLANG_WARN_CONSTANT_CONVERSION = YES;
				CLANG_WARN_DEPRECATED_OBJC_IMPLEMENTATIONS = YES;
				CLANG_WARN_DIRECT_OBJC_ISA_USAGE = YES_ERROR;
				CLANG_WARN_DOCUMENTATION_COMMENTS = YES;
				CLANG_WARN_EMPTY_BODY = YES;
				CLANG_WARN_ENUM_CONVERSION = YES;
				CLANG_WARN_INFINITE_RECURSION = YES;
				CLANG_WARN_INT_CONVERSION = YES;
				CLANG_WARN_NON_LITERAL_NULL_CONVERSION = YES;
				CLANG_WARN_OBJC_IMPLICIT_RETAIN_SELF = YES;
				CLANG_WARN_OBJC_LITERAL_CONVERSION = YES;
				CLANG_WARN_OBJC_ROOT_CLASS = YES_ERROR;
				CLANG_WARN_RANGE_LOOP_ANALYSIS = YES;
				CLANG_WARN_STRICT_PROTOTYPES = YES;
				CLANG_WARN_SUSPICIOUS_MOVE = YES;
				CLANG_WARN_UNGUARDED_AVAILABILITY = YES_AGGRESSIVE;
				CLANG_WARN_UNREACHABLE_CODE = YES;
				CLANG_WARN__DUPLICATE_METHOD_MATCH = YES;
				CODE_SIGN_IDENTITY = "iPhone Developer";
				COPY_PHASE_STRIP = NO;
				DEBUG_INFORMATION_FORMAT = dwarf;
				ENABLE_STRICT_OBJC_MSGSEND = YES;
				ENABLE_TESTABILITY = YES;
				GCC_C_LANGUAGE_STANDARD = gnu11;
				GCC_DYNAMIC_NO_PIC = NO;
				GCC_NO_COMMON_BLOCKS = YES;
				GCC_OPTIMIZATION_LEVEL = 0;
				GCC_PREPROCESSOR_DEFINITIONS = (
					"DEBUG=1",
					"$(inherited)",
				);
				GCC_WARN_64_TO_32_BIT_CONVERSION = YES;
				GCC_WARN_ABOUT_RETURN_TYPE = YES_ERROR;
				GCC_WARN_UNDECLARED_SELECTOR = YES;
				GCC_WARN_UNINITIALIZED_AUTOS = YES_AGGRESSIVE;
				GCC_WARN_UNUSED_FUNCTION = YES;
				GCC_WARN_UNUSED_VARIABLE = YES;
				IPHONEOS_DEPLOYMENT_TARGET = 11.4;
				MTL_ENABLE_DEBUG_INFO = YES;
				ONLY_ACTIVE_ARCH = YES;
				SDKROOT = iphoneos;
				SWIFT_ACTIVE_COMPILATION_CONDITIONS = DEBUG;
				SWIFT_OPTIMIZATION_LEVEL = "-Onone";
			};
			name = Debug;
		};
		8470506D211EB85A0000866F /* Release */ = {
			isa = XCBuildConfiguration;
			buildSettings = {
				ALWAYS_SEARCH_USER_PATHS = NO;
				CLANG_ANALYZER_NONNULL = YES;
				CLANG_ANALYZER_NUMBER_OBJECT_CONVERSION = YES_AGGRESSIVE;
				CLANG_CXX_LANGUAGE_STANDARD = "gnu++14";
				CLANG_CXX_LIBRARY = "libc++";
				CLANG_ENABLE_MODULES = YES;
				CLANG_ENABLE_OBJC_ARC = YES;
				CLANG_ENABLE_OBJC_WEAK = YES;
				CLANG_WARN_BLOCK_CAPTURE_AUTORELEASING = YES;
				CLANG_WARN_BOOL_CONVERSION = YES;
				CLANG_WARN_COMMA = YES;
				CLANG_WARN_CONSTANT_CONVERSION = YES;
				CLANG_WARN_DEPRECATED_OBJC_IMPLEMENTATIONS = YES;
				CLANG_WARN_DIRECT_OBJC_ISA_USAGE = YES_ERROR;
				CLANG_WARN_DOCUMENTATION_COMMENTS = YES;
				CLANG_WARN_EMPTY_BODY = YES;
				CLANG_WARN_ENUM_CONVERSION = YES;
				CLANG_WARN_INFINITE_RECURSION = YES;
				CLANG_WARN_INT_CONVERSION = YES;
				CLANG_WARN_NON_LITERAL_NULL_CONVERSION = YES;
				CLANG_WARN_OBJC_IMPLICIT_RETAIN_SELF = YES;
				CLANG_WARN_OBJC_LITERAL_CONVERSION = YES;
				CLANG_WARN_OBJC_ROOT_CLASS = YES_ERROR;
				CLANG_WARN_RANGE_LOOP_ANALYSIS = YES;
				CLANG_WARN_STRICT_PROTOTYPES = YES;
				CLANG_WARN_SUSPICIOUS_MOVE = YES;
				CLANG_WARN_UNGUARDED_AVAILABILITY = YES_AGGRESSIVE;
				CLANG_WARN_UNREACHABLE_CODE = YES;
				CLANG_WARN__DUPLICATE_METHOD_MATCH = YES;
				CODE_SIGN_IDENTITY = "iPhone Developer";
				COPY_PHASE_STRIP = NO;
				DEBUG_INFORMATION_FORMAT = "dwarf-with-dsym";
				ENABLE_NS_ASSERTIONS = NO;
				ENABLE_STRICT_OBJC_MSGSEND = YES;
				GCC_C_LANGUAGE_STANDARD = gnu11;
				GCC_NO_COMMON_BLOCKS = YES;
				GCC_WARN_64_TO_32_BIT_CONVERSION = YES;
				GCC_WARN_ABOUT_RETURN_TYPE = YES_ERROR;
				GCC_WARN_UNDECLARED_SELECTOR = YES;
				GCC_WARN_UNINITIALIZED_AUTOS = YES_AGGRESSIVE;
				GCC_WARN_UNUSED_FUNCTION = YES;
				GCC_WARN_UNUSED_VARIABLE = YES;
				IPHONEOS_DEPLOYMENT_TARGET = 11.4;
				MTL_ENABLE_DEBUG_INFO = NO;
				SDKROOT = iphoneos;
				SWIFT_COMPILATION_MODE = wholemodule;
				SWIFT_OPTIMIZATION_LEVEL = "-O";
				VALIDATE_PRODUCT = YES;
			};
			name = Release;
		};
		8470506F211EB85A0000866F /* Debug */ = {
			isa = XCBuildConfiguration;
			buildSettings = {
				ALWAYS_EMBED_SWIFT_STANDARD_LIBRARIES = YES;
				ASSETCATALOG_COMPILER_APPICON_NAME = AppIcon;
				CODE_SIGN_ENTITLEMENTS = Shawshank/Shawshank.entitlements;
				CODE_SIGN_STYLE = Automatic;
				DEVELOPMENT_TEAM = DNL5G5M9A8;
				FRAMEWORK_SEARCH_PATHS = (
					"$(inherited)",
					"$(PROJECT_DIR)/Carthage/Build/iOS",
				);
				INFOPLIST_FILE = Shawshank/Info.plist;
				LD_RUNPATH_SEARCH_PATHS = (
					"$(inherited)",
					"@executable_path/Frameworks",
				);
				PRODUCT_BUNDLE_IDENTIFIER = gua.desgard.Shawshank;
				PRODUCT_NAME = "$(TARGET_NAME)";
				SWIFT_VERSION = 4.0;
				TARGETED_DEVICE_FAMILY = "1,2";
			};
			name = Debug;
		};
		84705070211EB85A0000866F /* Release */ = {
			isa = XCBuildConfiguration;
			buildSettings = {
				ALWAYS_EMBED_SWIFT_STANDARD_LIBRARIES = YES;
				ASSETCATALOG_COMPILER_APPICON_NAME = AppIcon;
				CODE_SIGN_ENTITLEMENTS = Shawshank/Shawshank.entitlements;
				CODE_SIGN_STYLE = Automatic;
				DEVELOPMENT_TEAM = DNL5G5M9A8;
				FRAMEWORK_SEARCH_PATHS = (
					"$(inherited)",
					"$(PROJECT_DIR)/Carthage/Build/iOS",
				);
				INFOPLIST_FILE = Shawshank/Info.plist;
				LD_RUNPATH_SEARCH_PATHS = (
					"$(inherited)",
					"@executable_path/Frameworks",
				);
				PRODUCT_BUNDLE_IDENTIFIER = gua.desgard.Shawshank;
				PRODUCT_NAME = "$(TARGET_NAME)";
				SWIFT_VERSION = 4.0;
				TARGETED_DEVICE_FAMILY = "1,2";
			};
			name = Release;
		};
		84705072211EB85A0000866F /* Debug */ = {
			isa = XCBuildConfiguration;
			buildSettings = {
				ALWAYS_EMBED_SWIFT_STANDARD_LIBRARIES = YES;
				BUNDLE_LOADER = "$(TEST_HOST)";
				CODE_SIGN_STYLE = Automatic;
				DEVELOPMENT_TEAM = DNL5G5M9A8;
				INFOPLIST_FILE = ShawshankTests/Info.plist;
				LD_RUNPATH_SEARCH_PATHS = (
					"$(inherited)",
					"@executable_path/Frameworks",
					"@loader_path/Frameworks",
				);
				PRODUCT_BUNDLE_IDENTIFIER = gua.desgard.ShawshankTests;
				PRODUCT_NAME = "$(TARGET_NAME)";
				SWIFT_VERSION = 4.0;
				TARGETED_DEVICE_FAMILY = "1,2";
				TEST_HOST = "$(BUILT_PRODUCTS_DIR)/Shawshank.app/Shawshank";
			};
			name = Debug;
		};
		84705073211EB85A0000866F /* Release */ = {
			isa = XCBuildConfiguration;
			buildSettings = {
				ALWAYS_EMBED_SWIFT_STANDARD_LIBRARIES = YES;
				BUNDLE_LOADER = "$(TEST_HOST)";
				CODE_SIGN_STYLE = Automatic;
				DEVELOPMENT_TEAM = DNL5G5M9A8;
				INFOPLIST_FILE = ShawshankTests/Info.plist;
				LD_RUNPATH_SEARCH_PATHS = (
					"$(inherited)",
					"@executable_path/Frameworks",
					"@loader_path/Frameworks",
				);
				PRODUCT_BUNDLE_IDENTIFIER = gua.desgard.ShawshankTests;
				PRODUCT_NAME = "$(TARGET_NAME)";
				SWIFT_VERSION = 4.0;
				TARGETED_DEVICE_FAMILY = "1,2";
				TEST_HOST = "$(BUILT_PRODUCTS_DIR)/Shawshank.app/Shawshank";
			};
			name = Release;
		};
		84F3560D211ECB240068CA96 /* Debug */ = {
			isa = XCBuildConfiguration;
			buildSettings = {
				CODE_SIGN_ENTITLEMENTS = ShawshankTunnel/ShawshankTunnel.entitlements;
				CODE_SIGN_STYLE = Automatic;
				DEVELOPMENT_TEAM = DNL5G5M9A8;
				INFOPLIST_FILE = ShawshankTunnel/Info.plist;
				LD_RUNPATH_SEARCH_PATHS = (
					"$(inherited)",
					"@executable_path/Frameworks",
					"@executable_path/../../Frameworks",
				);
				PRODUCT_BUNDLE_IDENTIFIER = gua.desgard.Shawshank.ShawshankTunnel;
				PRODUCT_NAME = "$(TARGET_NAME)";
				SKIP_INSTALL = YES;
				SWIFT_VERSION = 4.0;
				TARGETED_DEVICE_FAMILY = "1,2";
			};
			name = Debug;
		};
		84F3560E211ECB240068CA96 /* Release */ = {
			isa = XCBuildConfiguration;
			buildSettings = {
				CODE_SIGN_ENTITLEMENTS = ShawshankTunnel/ShawshankTunnel.entitlements;
				CODE_SIGN_STYLE = Automatic;
				DEVELOPMENT_TEAM = DNL5G5M9A8;
				INFOPLIST_FILE = ShawshankTunnel/Info.plist;
				LD_RUNPATH_SEARCH_PATHS = (
					"$(inherited)",
					"@executable_path/Frameworks",
					"@executable_path/../../Frameworks",
				);
				PRODUCT_BUNDLE_IDENTIFIER = gua.desgard.Shawshank.ShawshankTunnel;
				PRODUCT_NAME = "$(TARGET_NAME)";
				SKIP_INSTALL = YES;
				SWIFT_VERSION = 4.0;
				TARGETED_DEVICE_FAMILY = "1,2";
			};
			name = Release;
		};
/* End XCBuildConfiguration section */

/* Begin XCConfigurationList section */
		8470504C211EB8590000866F /* Build configuration list for PBXProject "Shawshank" */ = {
			isa = XCConfigurationList;
			buildConfigurations = (
				8470506C211EB85A0000866F /* Debug */,
				8470506D211EB85A0000866F /* Release */,
			);
			defaultConfigurationIsVisible = 0;
			defaultConfigurationName = Release;
		};
		8470506E211EB85A0000866F /* Build configuration list for PBXNativeTarget "Shawshank" */ = {
			isa = XCConfigurationList;
			buildConfigurations = (
				8470506F211EB85A0000866F /* Debug */,
				84705070211EB85A0000866F /* Release */,
			);
			defaultConfigurationIsVisible = 0;
			defaultConfigurationName = Release;
		};
		84705071211EB85A0000866F /* Build configuration list for PBXNativeTarget "ShawshankTests" */ = {
			isa = XCConfigurationList;
			buildConfigurations = (
				84705072211EB85A0000866F /* Debug */,
				84705073211EB85A0000866F /* Release */,
			);
			defaultConfigurationIsVisible = 0;
			defaultConfigurationName = Release;
		};
		84F3560C211ECB240068CA96 /* Build configuration list for PBXNativeTarget "ShawshankTunnel" */ = {
			isa = XCConfigurationList;
			buildConfigurations = (
				84F3560D211ECB240068CA96 /* Debug */,
				84F3560E211ECB240068CA96 /* Release */,
			);
			defaultConfigurationIsVisible = 0;
			defaultConfigurationName = Release;
		};
/* End XCConfigurationList section */
	};
	rootObject = 84705049211EB8590000866F /* Project object */;
}
